
Microsoft Visual Studio Solution File, Format Version 12.00
# Visual Studio 15
Project("{FAE04EC0-301F-11D3-BF4B-00C04F79EFBC}") = "SENG2260_Prototype.Plugins", "SENG2260_Prototype.Plugins.csproj", "{50A5C655-FD6D-E3A2-1180-FBA8ABB44C57}"
EndProject
Project("{FAE04EC0-301F-11D3-BF4B-00C04F79EFBC}") = "SENG2260_Prototype.Editor.Plugins", "SENG2260_Prototype.Editor.Plugins.csproj", "{128D37C0-05BB-E591-3618-B0D864E20917}"
EndProject
Global
	GlobalSection(SolutionConfigurationPlatforms) = preSolution
		Debug|Any CPU = Debug|Any CPU
		Release|Any CPU = Release|Any CPU
	EndGlobalSection
	GlobalSection(ProjectConfigurationPlatforms) = postSolution
		{50A5C655-FD6D-E3A2-1180-FBA8ABB44C57}.Debug|Any CPU.ActiveCfg = Debug|Any CPU
		{50A5C655-FD6D-E3A2-1180-FBA8ABB44C57}.Debug|Any CPU.Build.0 = Debug|Any CPU
		{50A5C655-FD6D-E3A2-1180-FBA8ABB44C57}.Release|Any CPU.ActiveCfg = Release|Any CPU
		{50A5C655-FD6D-E3A2-1180-FBA8ABB44C57}.Release|Any CPU.Build.0 = Release|Any CPU
		{128D37C0-05BB-E591-3618-B0D864E20917}.Debug|Any CPU.ActiveCfg = Debug|Any CPU
		{128D37C0-05BB-E591-3618-B0D864E20917}.Debug|Any CPU.Build.0 = Debug|Any CPU
		{128D37C0-05BB-E591-3618-B0D864E20917}.Release|Any CPU.ActiveCfg = Release|Any CPU
		{128D37C0-05BB-E591-3618-B0D864E20917}.Release|Any CPU.Build.0 = Release|Any CPU
	EndGlobalSection
	GlobalSection(SolutionProperties) = preSolution
		HideSolutionNode = FALSE
	EndGlobalSection
EndGlobal
